Microsoft Visual Studio Solution File, Format Version 12.00
# Visual Studio Version 17
VisualStudioVersion = 17.5.2.0
MinimumVisualStudioVersion = 10.0.40219.1
Project("{FAE04EC0-301F-11D3-BF4B-00C04F79EFBC}") = "TenthChapter", "TenthChapter.csproj", "{137242AE-D02F-6EB8-3D52-7ED65EBBCA64}"
EndProject
Global
	GlobalSection(SolutionConfigurationPlatforms) = preSolution
		Debug|Any CPU = Debug|Any CPU
		Release|Any CPU = Release|Any CPU
	EndGlobalSection
	GlobalSection(ProjectConfigurationPlatforms) = postSolution
		{137242AE-D02F-6EB8-3D52-7ED65EBBCA64}.Debug|Any CPU.ActiveCfg = Debug|Any CPU
		{137242AE-D02F-6EB8-3D52-7ED65EBBCA64}.Debug|Any CPU.Build.0 = Debug|Any CPU
		{137242AE-D02F-6EB8-3D52-7ED65EBBCA64}.Release|Any CPU.ActiveCfg = Release|Any CPU
		{137242AE-D02F-6EB8-3D52-7ED65EBBCA64}.Release|Any CPU.Build.0 = Release|Any CPU
	EndGlobalSection
	GlobalSection(SolutionProperties) = preSolution
		HideSolutionNode = FALSE
	EndGlobalSection
	GlobalSection(ExtensibilityGlobals) = postSolution
		SolutionGuid = {711AFDF3-66B4-4710-87F1-D1ED9C553944}
	EndGlobalSection
EndGlobal
